
Microsoft Visual Studio Solution File, Format Version 12.00
# Visual Studio Version 17
VisualStudioVersion = 17.5.002.0
MinimumVisualStudioVersion = 10.0.40219.1
Project("{2150E333-8FDC-42A3-9474-1A3956D46DE8}") = "homework_sem2", "homework_sem2", "{FDAE8338-B705-4BD4-9F9A-21425F1A68C1}"
EndProject
Project("{FAE04EC0-301F-11D3-BF4B-00C04F79EFBC}") = "Task_1", "homework_sem2\Task_1\Task_1.csproj", "{8C9BC79D-78B0-4133-895F-2C0ED801039E}"
EndProject
Project("{FAE04EC0-301F-11D3-BF4B-00C04F79EFBC}") = "Task_2", "homework_sem2\Task_2\Task_2.csproj", "{DC5C7083-A064-4AAD-9998-24D35DF7542E}"
EndProject
Project("{FAE04EC0-301F-11D3-BF4B-00C04F79EFBC}") = "Task_3", "homework_sem2\Task_3\Task_3.csproj", "{3C73C485-25B4-47C9-B4CB-9E5DE1E15015}"
EndProject
Project("{FAE04EC0-301F-11D3-BF4B-00C04F79EFBC}") = "Task_4", "homework_sem2\Task_4\Task_4.csproj", "{14923E7A-C9E5-469A-9041-82E6A4AD0843}"
EndProject
Project("{2150E333-8FDC-42A3-9474-1A3956D46DE8}") = "Lesson_1", "Lesson_1", "{D80CA4E0-1C75-412B-BF04-4FA6FC1B0538}"
EndProject
Project("{FAE04EC0-301F-11D3-BF4B-00C04F79EFBC}") = "HomeWork_1", "Lesson_1\HomeWork_1\HomeWork_1.csproj", "{119A22EA-E0DC-4C49-A6FD-6370EE8F95A9}"
EndProject
Project("{FAE04EC0-301F-11D3-BF4B-00C04F79EFBC}") = "Seminar_1", "Lesson_1\Seminar_1\Seminar_1.csproj", "{BF845360-0C2F-43D4-80CB-04D11A1BE783}"
EndProject
Project("{2150E333-8FDC-42A3-9474-1A3956D46DE8}") = "homework_sem3", "homework_sem3", "{793FF9E5-B7A2-4477-8526-AE9D479314DB}"
EndProject
Project("{FAE04EC0-301F-11D3-BF4B-00C04F79EFBC}") = "Sem_Task_1", "homework_sem3\Sem_Task_1\Sem_Task_1.csproj", "{F12FC262-D1A4-437C-8126-7A1423750210}"
EndProject
Project("{FAE04EC0-301F-11D3-BF4B-00C04F79EFBC}") = "Sem_Task_2", "homework_sem3\Sem_Task_2\Sem_Task_2.csproj", "{F699C619-73EA-4433-A3BC-EEB3F6ABD469}"
EndProject
Project("{FAE04EC0-301F-11D3-BF4B-00C04F79EFBC}") = "Sem_Task_3", "homework_sem3\Sem_Task_3\Sem_Task_3.csproj", "{8C2223EA-59CC-472F-A83A-B9B46E038135}"
EndProject
Project("{FAE04EC0-301F-11D3-BF4B-00C04F79EFBC}") = "Sem_Task_4", "homework_sem3\Sem_Task_4\Sem_Task_4.csproj", "{93B87FEA-FD42-4D7B-89CC-60751C2BA5EB}"
EndProject
Project("{2150E333-8FDC-42A3-9474-1A3956D46DE8}") = "Lesson_3_lection", "Lesson_3_lection", "{6D2EC4CF-58AC-45DD-BEE2-23C203A36928}"
EndProject
Project("{FAE04EC0-301F-11D3-BF4B-00C04F79EFBC}") = "Task1", "Lesson_3_lection\Task1\Task1.csproj", "{6A69197C-48DC-478B-A12B-7F62BC16FCF2}"
EndProject
Project("{FAE04EC0-301F-11D3-BF4B-00C04F79EFBC}") = "Task2", "Lesson_3_lection\Task2\Task2.csproj", "{9A23C25C-C052-4940-B47E-72D45F752BFE}"
EndProject
Project("{FAE04EC0-301F-11D3-BF4B-00C04F79EFBC}") = "Task3", "Lesson_3_lection\Task3\Task3.csproj", "{A6657E23-F441-4FBE-B0F2-BF7206D62C70}"
EndProject
Project("{FAE04EC0-301F-11D3-BF4B-00C04F79EFBC}") = "Random_int_array", "Lesson_3_lection\Random_int_array\Random_int_array.csproj", "{C7BC9417-0915-4A02-B369-2F9ED641466E}"
EndProject
Project("{FAE04EC0-301F-11D3-BF4B-00C04F79EFBC}") = "read_line_int_array", "Lesson_3_lection\read_line_int_array\read_line_int_array.csproj", "{1D406175-66C9-4008-8709-5B01B792DA88}"
EndProject
Project("{2150E333-8FDC-42A3-9474-1A3956D46DE8}") = "Seminar_4", "Seminar_4", "{C3CE7437-CC09-44CE-BA22-6C4C9CD3E2B5}"
EndProject
Project("{FAE04EC0-301F-11D3-BF4B-00C04F79EFBC}") = "Random_nums_array", "Seminar_4\Random_nums_array\Random_nums_array.csproj", "{54C0D3F3-36F2-44A1-B28D-198D371F838D}"
EndProject
Global
	GlobalSection(SolutionConfigurationPlatforms) = preSolution
		Debug|Any CPU = Debug|Any CPU
		Release|Any CPU = Release|Any CPU
	EndGlobalSection
	GlobalSection(ProjectConfigurationPlatforms) = postSolution
		{2BA6D60A-4820-46C3-9F16-2FE1384FCC16}.Debug|Any CPU.ActiveCfg = Debug|Any CPU
		{2BA6D60A-4820-46C3-9F16-2FE1384FCC16}.Debug|Any CPU.Build.0 = Debug|Any CPU
		{2BA6D60A-4820-46C3-9F16-2FE1384FCC16}.Release|Any CPU.ActiveCfg = Release|Any CPU
		{2BA6D60A-4820-46C3-9F16-2FE1384FCC16}.Release|Any CPU.Build.0 = Release|Any CPU
		{D99075C4-E0DF-4C3D-A830-882506184F04}.Debug|Any CPU.ActiveCfg = Debug|Any CPU
		{D99075C4-E0DF-4C3D-A830-882506184F04}.Debug|Any CPU.Build.0 = Debug|Any CPU
		{D99075C4-E0DF-4C3D-A830-882506184F04}.Release|Any CPU.ActiveCfg = Release|Any CPU
		{D99075C4-E0DF-4C3D-A830-882506184F04}.Release|Any CPU.Build.0 = Release|Any CPU
		{C9DBBF52-5687-47FA-95A9-F3684DF10BCA}.Debug|Any CPU.ActiveCfg = Debug|Any CPU
		{C9DBBF52-5687-47FA-95A9-F3684DF10BCA}.Debug|Any CPU.Build.0 = Debug|Any CPU
		{C9DBBF52-5687-47FA-95A9-F3684DF10BCA}.Release|Any CPU.ActiveCfg = Release|Any CPU
		{C9DBBF52-5687-47FA-95A9-F3684DF10BCA}.Release|Any CPU.Build.0 = Release|Any CPU
		{AA74FDBD-6805-4513-BDEA-334457F64403}.Debug|Any CPU.ActiveCfg = Debug|Any CPU
		{AA74FDBD-6805-4513-BDEA-334457F64403}.Debug|Any CPU.Build.0 = Debug|Any CPU
		{AA74FDBD-6805-4513-BDEA-334457F64403}.Release|Any CPU.ActiveCfg = Release|Any CPU
		{AA74FDBD-6805-4513-BDEA-334457F64403}.Release|Any CPU.Build.0 = Release|Any CPU
		{8E298474-3D47-4080-993E-70EB9DF85A53}.Debug|Any CPU.ActiveCfg = Debug|Any CPU
		{8E298474-3D47-4080-993E-70EB9DF85A53}.Debug|Any CPU.Build.0 = Debug|Any CPU
		{8E298474-3D47-4080-993E-70EB9DF85A53}.Release|Any CPU.ActiveCfg = Release|Any CPU
		{8E298474-3D47-4080-993E-70EB9DF85A53}.Release|Any CPU.Build.0 = Release|Any CPU
		{704A266C-B9D8-46C1-AE96-5B1A2FCC2C01}.Debug|Any CPU.ActiveCfg = Debug|Any CPU
		{704A266C-B9D8-46C1-AE96-5B1A2FCC2C01}.Debug|Any CPU.Build.0 = Debug|Any CPU
		{704A266C-B9D8-46C1-AE96-5B1A2FCC2C01}.Release|Any CPU.ActiveCfg = Release|Any CPU
		{704A266C-B9D8-46C1-AE96-5B1A2FCC2C01}.Release|Any CPU.Build.0 = Release|Any CPU
		{36134551-4D3F-4D5E-9FE6-0B581458B0CF}.Debug|Any CPU.ActiveCfg = Debug|Any CPU
		{36134551-4D3F-4D5E-9FE6-0B581458B0CF}.Debug|Any CPU.Build.0 = Debug|Any CPU
		{36134551-4D3F-4D5E-9FE6-0B581458B0CF}.Release|Any CPU.ActiveCfg = Release|Any CPU
		{36134551-4D3F-4D5E-9FE6-0B581458B0CF}.Release|Any CPU.Build.0 = Release|Any CPU
		{BFBC7A1C-5182-4AB7-B30D-4E5D7138DEE7}.Debug|Any CPU.ActiveCfg = Debug|Any CPU
		{BFBC7A1C-5182-4AB7-B30D-4E5D7138DEE7}.Debug|Any CPU.Build.0 = Debug|Any CPU
		{BFBC7A1C-5182-4AB7-B30D-4E5D7138DEE7}.Release|Any CPU.ActiveCfg = Release|Any CPU
		{BFBC7A1C-5182-4AB7-B30D-4E5D7138DEE7}.Release|Any CPU.Build.0 = Release|Any CPU
		{9B37DD64-1C18-45FF-A24F-8DD10D4ED0D6}.Debug|Any CPU.ActiveCfg = Debug|Any CPU
		{9B37DD64-1C18-45FF-A24F-8DD10D4ED0D6}.Debug|Any CPU.Build.0 = Debug|Any CPU
		{9B37DD64-1C18-45FF-A24F-8DD10D4ED0D6}.Release|Any CPU.ActiveCfg = Release|Any CPU
		{9B37DD64-1C18-45FF-A24F-8DD10D4ED0D6}.Release|Any CPU.Build.0 = Release|Any CPU
		{857A2E7B-1644-40E0-8660-897F95E9D475}.Debug|Any CPU.ActiveCfg = Debug|Any CPU
		{857A2E7B-1644-40E0-8660-897F95E9D475}.Debug|Any CPU.Build.0 = Debug|Any CPU
		{857A2E7B-1644-40E0-8660-897F95E9D475}.Release|Any CPU.ActiveCfg = Release|Any CPU
		{857A2E7B-1644-40E0-8660-897F95E9D475}.Release|Any CPU.Build.0 = Release|Any CPU
		{DB8DA150-BFD6-46B9-8B54-1F6FDC729C88}.Debug|Any CPU.ActiveCfg = Debug|Any CPU
		{DB8DA150-BFD6-46B9-8B54-1F6FDC729C88}.Debug|Any CPU.Build.0 = Debug|Any CPU
		{DB8DA150-BFD6-46B9-8B54-1F6FDC729C88}.Release|Any CPU.ActiveCfg = Release|Any CPU
		{DB8DA150-BFD6-46B9-8B54-1F6FDC729C88}.Release|Any CPU.Build.0 = Release|Any CPU
		{8C9BC79D-78B0-4133-895F-2C0ED801039E}.Debug|Any CPU.ActiveCfg = Debug|Any CPU
		{8C9BC79D-78B0-4133-895F-2C0ED801039E}.Debug|Any CPU.Build.0 = Debug|Any CPU
		{8C9BC79D-78B0-4133-895F-2C0ED801039E}.Release|Any CPU.ActiveCfg = Release|Any CPU
		{8C9BC79D-78B0-4133-895F-2C0ED801039E}.Release|Any CPU.Build.0 = Release|Any CPU
		{DC5C7083-A064-4AAD-9998-24D35DF7542E}.Debug|Any CPU.ActiveCfg = Debug|Any CPU
		{DC5C7083-A064-4AAD-9998-24D35DF7542E}.Debug|Any CPU.Build.0 = Debug|Any CPU
		{DC5C7083-A064-4AAD-9998-24D35DF7542E}.Release|Any CPU.ActiveCfg = Release|Any CPU
		{DC5C7083-A064-4AAD-9998-24D35DF7542E}.Release|Any CPU.Build.0 = Release|Any CPU
		{3C73C485-25B4-47C9-B4CB-9E5DE1E15015}.Debug|Any CPU.ActiveCfg = Debug|Any CPU
		{3C73C485-25B4-47C9-B4CB-9E5DE1E15015}.Debug|Any CPU.Build.0 = Debug|Any CPU
		{3C73C485-25B4-47C9-B4CB-9E5DE1E15015}.Release|Any CPU.ActiveCfg = Release|Any CPU
		{3C73C485-25B4-47C9-B4CB-9E5DE1E15015}.Release|Any CPU.Build.0 = Release|Any CPU
		{14923E7A-C9E5-469A-9041-82E6A4AD0843}.Debug|Any CPU.ActiveCfg = Debug|Any CPU
		{14923E7A-C9E5-469A-9041-82E6A4AD0843}.Debug|Any CPU.Build.0 = Debug|Any CPU
		{14923E7A-C9E5-469A-9041-82E6A4AD0843}.Release|Any CPU.ActiveCfg = Release|Any CPU
		{14923E7A-C9E5-469A-9041-82E6A4AD0843}.Release|Any CPU.Build.0 = Release|Any CPU
		{119A22EA-E0DC-4C49-A6FD-6370EE8F95A9}.Debug|Any CPU.ActiveCfg = Debug|Any CPU
		{119A22EA-E0DC-4C49-A6FD-6370EE8F95A9}.Debug|Any CPU.Build.0 = Debug|Any CPU
		{119A22EA-E0DC-4C49-A6FD-6370EE8F95A9}.Release|Any CPU.ActiveCfg = Release|Any CPU
		{119A22EA-E0DC-4C49-A6FD-6370EE8F95A9}.Release|Any CPU.Build.0 = Release|Any CPU
		{BF845360-0C2F-43D4-80CB-04D11A1BE783}.Debug|Any CPU.ActiveCfg = Debug|Any CPU
		{BF845360-0C2F-43D4-80CB-04D11A1BE783}.Debug|Any CPU.Build.0 = Debug|Any CPU
		{BF845360-0C2F-43D4-80CB-04D11A1BE783}.Release|Any CPU.ActiveCfg = Release|Any CPU
		{BF845360-0C2F-43D4-80CB-04D11A1BE783}.Release|Any CPU.Build.0 = Release|Any CPU
		{F12FC262-D1A4-437C-8126-7A1423750210}.Debug|Any CPU.ActiveCfg = Debug|Any CPU
		{F12FC262-D1A4-437C-8126-7A1423750210}.Debug|Any CPU.Build.0 = Debug|Any CPU
		{F12FC262-D1A4-437C-8126-7A1423750210}.Release|Any CPU.ActiveCfg = Release|Any CPU
		{F12FC262-D1A4-437C-8126-7A1423750210}.Release|Any CPU.Build.0 = Release|Any CPU
		{F699C619-73EA-4433-A3BC-EEB3F6ABD469}.Debug|Any CPU.ActiveCfg = Debug|Any CPU
		{F699C619-73EA-4433-A3BC-EEB3F6ABD469}.Debug|Any CPU.Build.0 = Debug|Any CPU
		{F699C619-73EA-4433-A3BC-EEB3F6ABD469}.Release|Any CPU.ActiveCfg = Release|Any CPU
		{F699C619-73EA-4433-A3BC-EEB3F6ABD469}.Release|Any CPU.Build.0 = Release|Any CPU
		{8C2223EA-59CC-472F-A83A-B9B46E038135}.Debug|Any CPU.ActiveCfg = Debug|Any CPU
		{8C2223EA-59CC-472F-A83A-B9B46E038135}.Debug|Any CPU.Build.0 = Debug|Any CPU
		{8C2223EA-59CC-472F-A83A-B9B46E038135}.Release|Any CPU.ActiveCfg = Release|Any CPU
		{8C2223EA-59CC-472F-A83A-B9B46E038135}.Release|Any CPU.Build.0 = Release|Any CPU
		{93B87FEA-FD42-4D7B-89CC-60751C2BA5EB}.Debug|Any CPU.ActiveCfg = Debug|Any CPU
		{93B87FEA-FD42-4D7B-89CC-60751C2BA5EB}.Debug|Any CPU.Build.0 = Debug|Any CPU
		{93B87FEA-FD42-4D7B-89CC-60751C2BA5EB}.Release|Any CPU.ActiveCfg = Release|Any CPU
		{93B87FEA-FD42-4D7B-89CC-60751C2BA5EB}.Release|Any CPU.Build.0 = Release|Any CPU
		{6A69197C-48DC-478B-A12B-7F62BC16FCF2}.Debug|Any CPU.ActiveCfg = Debug|Any CPU
		{6A69197C-48DC-478B-A12B-7F62BC16FCF2}.Debug|Any CPU.Build.0 = Debug|Any CPU
		{6A69197C-48DC-478B-A12B-7F62BC16FCF2}.Release|Any CPU.ActiveCfg = Release|Any CPU
		{6A69197C-48DC-478B-A12B-7F62BC16FCF2}.Release|Any CPU.Build.0 = Release|Any CPU
		{9A23C25C-C052-4940-B47E-72D45F752BFE}.Debug|Any CPU.ActiveCfg = Debug|Any CPU
		{9A23C25C-C052-4940-B47E-72D45F752BFE}.Debug|Any CPU.Build.0 = Debug|Any CPU
		{9A23C25C-C052-4940-B47E-72D45F752BFE}.Release|Any CPU.ActiveCfg = Release|Any CPU
		{9A23C25C-C052-4940-B47E-72D45F752BFE}.Release|Any CPU.Build.0 = Release|Any CPU
		{A6657E23-F441-4FBE-B0F2-BF7206D62C70}.Debug|Any CPU.ActiveCfg = Debug|Any CPU
		{A6657E23-F441-4FBE-B0F2-BF7206D62C70}.Debug|Any CPU.Build.0 = Debug|Any CPU
		{A6657E23-F441-4FBE-B0F2-BF7206D62C70}.Release|Any CPU.ActiveCfg = Release|Any CPU
		{A6657E23-F441-4FBE-B0F2-BF7206D62C70}.Release|Any CPU.Build.0 = Release|Any CPU
		{C7BC9417-0915-4A02-B369-2F9ED641466E}.Debug|Any CPU.ActiveCfg = Debug|Any CPU
		{C7BC9417-0915-4A02-B369-2F9ED641466E}.Debug|Any CPU.Build.0 = Debug|Any CPU
		{C7BC9417-0915-4A02-B369-2F9ED641466E}.Release|Any CPU.ActiveCfg = Release|Any CPU
		{C7BC9417-0915-4A02-B369-2F9ED641466E}.Release|Any CPU.Build.0 = Release|Any CPU
		{1D406175-66C9-4008-8709-5B01B792DA88}.Debug|Any CPU.ActiveCfg = Debug|Any CPU
		{1D406175-66C9-4008-8709-5B01B792DA88}.Debug|Any CPU.Build.0 = Debug|Any CPU
		{1D406175-66C9-4008-8709-5B01B792DA88}.Release|Any CPU.ActiveCfg = Release|Any CPU
		{1D406175-66C9-4008-8709-5B01B792DA88}.Release|Any CPU.Build.0 = Release|Any CPU
		{54C0D3F3-36F2-44A1-B28D-198D371F838D}.Debug|Any CPU.ActiveCfg = Debug|Any CPU
		{54C0D3F3-36F2-44A1-B28D-198D371F838D}.Debug|Any CPU.Build.0 = Debug|Any CPU
		{54C0D3F3-36F2-44A1-B28D-198D371F838D}.Release|Any CPU.ActiveCfg = Release|Any CPU
		{54C0D3F3-36F2-44A1-B28D-198D371F838D}.Release|Any CPU.Build.0 = Release|Any CPU
	EndGlobalSection
	GlobalSection(SolutionProperties) = preSolution
		HideSolutionNode = FALSE
	EndGlobalSection
	GlobalSection(NestedProjects) = preSolution
		{8C9BC79D-78B0-4133-895F-2C0ED801039E} = {FDAE8338-B705-4BD4-9F9A-21425F1A68C1}
		{DC5C7083-A064-4AAD-9998-24D35DF7542E} = {FDAE8338-B705-4BD4-9F9A-21425F1A68C1}
		{3C73C485-25B4-47C9-B4CB-9E5DE1E15015} = {FDAE8338-B705-4BD4-9F9A-21425F1A68C1}
		{14923E7A-C9E5-469A-9041-82E6A4AD0843} = {FDAE8338-B705-4BD4-9F9A-21425F1A68C1}
		{119A22EA-E0DC-4C49-A6FD-6370EE8F95A9} = {D80CA4E0-1C75-412B-BF04-4FA6FC1B0538}
		{BF845360-0C2F-43D4-80CB-04D11A1BE783} = {D80CA4E0-1C75-412B-BF04-4FA6FC1B0538}
		{F12FC262-D1A4-437C-8126-7A1423750210} = {793FF9E5-B7A2-4477-8526-AE9D479314DB}
		{F699C619-73EA-4433-A3BC-EEB3F6ABD469} = {793FF9E5-B7A2-4477-8526-AE9D479314DB}
		{8C2223EA-59CC-472F-A83A-B9B46E038135} = {793FF9E5-B7A2-4477-8526-AE9D479314DB}
		{93B87FEA-FD42-4D7B-89CC-60751C2BA5EB} = {793FF9E5-B7A2-4477-8526-AE9D479314DB}
		{6A69197C-48DC-478B-A12B-7F62BC16FCF2} = {6D2EC4CF-58AC-45DD-BEE2-23C203A36928}
		{9A23C25C-C052-4940-B47E-72D45F752BFE} = {6D2EC4CF-58AC-45DD-BEE2-23C203A36928}
		{A6657E23-F441-4FBE-B0F2-BF7206D62C70} = {6D2EC4CF-58AC-45DD-BEE2-23C203A36928}
		{C7BC9417-0915-4A02-B369-2F9ED641466E} = {6D2EC4CF-58AC-45DD-BEE2-23C203A36928}
		{1D406175-66C9-4008-8709-5B01B792DA88} = {6D2EC4CF-58AC-45DD-BEE2-23C203A36928}
		{54C0D3F3-36F2-44A1-B28D-198D371F838D} = {C3CE7437-CC09-44CE-BA22-6C4C9CD3E2B5}
	EndGlobalSection
	GlobalSection(ExtensibilityGlobals) = postSolution
		SolutionGuid = {FD75242B-0F67-44AA-913B-7DF2AC910172}
	EndGlobalSection
EndGlobal
