
Microsoft Visual Studio Solution File, Format Version 12.00
# Visual Studio Version 17
VisualStudioVersion = 17.5.002.0
MinimumVisualStudioVersion = 10.0.40219.1
Project("{2150E333-8FDC-42A3-9474-1A3956D46DE8}") = "Lesson_1", "Lesson_1", "{A97ABCEE-0609-42DA-AA59-66774FC2F812}"
EndProject
Project("{9A19103F-16F7-4668-BE54-9A1E7A4F7556}") = "Task_1", "Lesson_1\Task_1\Task_1.csproj", "{2BA6D60A-4820-46C3-9F16-2FE1384FCC16}"
EndProject
Project("{2150E333-8FDC-42A3-9474-1A3956D46DE8}") = "Seminar_2", "Seminar_2", "{1F74480B-9B9D-4536-AC98-55D372C360EE}"
EndProject
Project("{FAE04EC0-301F-11D3-BF4B-00C04F79EFBC}") = "Seminar_2", "Seminar_2\Task_1\Seminar_2.csproj", "{D99075C4-E0DF-4C3D-A830-882506184F04}"
EndProject
Project("{FAE04EC0-301F-11D3-BF4B-00C04F79EFBC}") = "Seminar_22.02", "Seminar_2\Seminar_22.02\Seminar_22.02.csproj", "{C9DBBF52-5687-47FA-95A9-F3684DF10BCA}"
EndProject
Project("{FAE04EC0-301F-11D3-BF4B-00C04F79EFBC}") = "22.02Task_2", "Seminar_2\22.02Task_2\22.02Task_2.csproj", "{AA74FDBD-6805-4513-BDEA-334457F64403}"
EndProject
Project("{FAE04EC0-301F-11D3-BF4B-00C04F79EFBC}") = "22.02Task3", "Seminar_2\22.02Task3\22.02Task3.csproj", "{8E298474-3D47-4080-993E-70EB9DF85A53}"
EndProject
Global
	GlobalSection(SolutionConfigurationPlatforms) = preSolution
		Debug|Any CPU = Debug|Any CPU
		Release|Any CPU = Release|Any CPU
	EndGlobalSection
	GlobalSection(ProjectConfigurationPlatforms) = postSolution
		{2BA6D60A-4820-46C3-9F16-2FE1384FCC16}.Debug|Any CPU.ActiveCfg = Debug|Any CPU
		{2BA6D60A-4820-46C3-9F16-2FE1384FCC16}.Debug|Any CPU.Build.0 = Debug|Any CPU
		{2BA6D60A-4820-46C3-9F16-2FE1384FCC16}.Release|Any CPU.ActiveCfg = Release|Any CPU
		{2BA6D60A-4820-46C3-9F16-2FE1384FCC16}.Release|Any CPU.Build.0 = Release|Any CPU
		{D99075C4-E0DF-4C3D-A830-882506184F04}.Debug|Any CPU.ActiveCfg = Debug|Any CPU
		{D99075C4-E0DF-4C3D-A830-882506184F04}.Debug|Any CPU.Build.0 = Debug|Any CPU
		{D99075C4-E0DF-4C3D-A830-882506184F04}.Release|Any CPU.ActiveCfg = Release|Any CPU
		{D99075C4-E0DF-4C3D-A830-882506184F04}.Release|Any CPU.Build.0 = Release|Any CPU
		{C9DBBF52-5687-47FA-95A9-F3684DF10BCA}.Debug|Any CPU.ActiveCfg = Debug|Any CPU
		{C9DBBF52-5687-47FA-95A9-F3684DF10BCA}.Debug|Any CPU.Build.0 = Debug|Any CPU
		{C9DBBF52-5687-47FA-95A9-F3684DF10BCA}.Release|Any CPU.ActiveCfg = Release|Any CPU
		{C9DBBF52-5687-47FA-95A9-F3684DF10BCA}.Release|Any CPU.Build.0 = Release|Any CPU
		{AA74FDBD-6805-4513-BDEA-334457F64403}.Debug|Any CPU.ActiveCfg = Debug|Any CPU
		{AA74FDBD-6805-4513-BDEA-334457F64403}.Debug|Any CPU.Build.0 = Debug|Any CPU
		{AA74FDBD-6805-4513-BDEA-334457F64403}.Release|Any CPU.ActiveCfg = Release|Any CPU
		{AA74FDBD-6805-4513-BDEA-334457F64403}.Release|Any CPU.Build.0 = Release|Any CPU
		{8E298474-3D47-4080-993E-70EB9DF85A53}.Debug|Any CPU.ActiveCfg = Debug|Any CPU
		{8E298474-3D47-4080-993E-70EB9DF85A53}.Debug|Any CPU.Build.0 = Debug|Any CPU
		{8E298474-3D47-4080-993E-70EB9DF85A53}.Release|Any CPU.ActiveCfg = Release|Any CPU
		{8E298474-3D47-4080-993E-70EB9DF85A53}.Release|Any CPU.Build.0 = Release|Any CPU
	EndGlobalSection
	GlobalSection(SolutionProperties) = preSolution
		HideSolutionNode = FALSE
	EndGlobalSection
	GlobalSection(NestedProjects) = preSolution
		{2BA6D60A-4820-46C3-9F16-2FE1384FCC16} = {A97ABCEE-0609-42DA-AA59-66774FC2F812}
		{D99075C4-E0DF-4C3D-A830-882506184F04} = {1F74480B-9B9D-4536-AC98-55D372C360EE}
		{C9DBBF52-5687-47FA-95A9-F3684DF10BCA} = {1F74480B-9B9D-4536-AC98-55D372C360EE}
		{AA74FDBD-6805-4513-BDEA-334457F64403} = {1F74480B-9B9D-4536-AC98-55D372C360EE}
		{8E298474-3D47-4080-993E-70EB9DF85A53} = {1F74480B-9B9D-4536-AC98-55D372C360EE}
	EndGlobalSection
	GlobalSection(ExtensibilityGlobals) = postSolution
		SolutionGuid = {FD75242B-0F67-44AA-913B-7DF2AC910172}
	EndGlobalSection
EndGlobal
